// !$*UTF8*$!
{
	archiveVersion = 1;
	classes = {
	};
	objectVersion = 55;
	objects = {

/* Begin PBXBuildFile section */
		570149F427577D78008CB155 /* Profile.swift in Sources */ = {isa = PBXBuildFile; fileRef = 570149F327577D78008CB155 /* Profile.swift */; };
		570149F627577D88008CB155 /* Medication.swift in Sources */ = {isa = PBXBuildFile; fileRef = 570149F527577D87008CB155 /* Medication.swift */; };
		570149FA27591BA6008CB155 /* TakeDetailTableViewController.swift in Sources */ = {isa = PBXBuildFile; fileRef = 570149F927591BA6008CB155 /* TakeDetailTableViewController.swift */; };
		5713D2F627679B4100387017 /* PatternTableViewCell.swift in Sources */ = {isa = PBXBuildFile; fileRef = 5713D2F527679B4100387017 /* PatternTableViewCell.swift */; };
		573D56592744D83000301D43 /* AppDelegate.swift in Sources */ = {isa = PBXBuildFile; fileRef = 573D56582744D83000301D43 /* AppDelegate.swift */; };
		573D56602744D83000301D43 /* Main.storyboard in Resources */ = {isa = PBXBuildFile; fileRef = 573D565E2744D83000301D43 /* Main.storyboard */; };
		573D56622744D83100301D43 /* Assets.xcassets in Resources */ = {isa = PBXBuildFile; fileRef = 573D56612744D83100301D43 /* Assets.xcassets */; };
		573D56652744D83100301D43 /* LaunchScreen.storyboard in Resources */ = {isa = PBXBuildFile; fileRef = 573D56632744D83100301D43 /* LaunchScreen.storyboard */; };
		573D56742744DD6500301D43 /* Take.swift in Sources */ = {isa = PBXBuildFile; fileRef = 573D56732744DD6500301D43 /* Take.swift */; };
		57715924276214A400A5DF8F /* Database.swift in Sources */ = {isa = PBXBuildFile; fileRef = 57715923276214A400A5DF8F /* Database.swift */; };
		57810C3C2766207700D35869 /* Pattern.swift in Sources */ = {isa = PBXBuildFile; fileRef = 57810C3B2766207700D35869 /* Pattern.swift */; };
		57810C3E2767706400D35869 /* PatternTableViewController.swift in Sources */ = {isa = PBXBuildFile; fileRef = 57810C3D2767706400D35869 /* PatternTableViewController.swift */; };
		5790F4A327622F4E006229D2 /* TakeListTableViewController.swift in Sources */ = {isa = PBXBuildFile; fileRef = 5790F4A227622F4E006229D2 /* TakeListTableViewController.swift */; };
		57BF6AB827633B4100599281 /* SceneDelegate.swift in Sources */ = {isa = PBXBuildFile; fileRef = 57BF6AB727633B4100599281 /* SceneDelegate.swift */; };
		57F154C0275665EA00F4380A /* TakingCollectionViewController.swift in Sources */ = {isa = PBXBuildFile; fileRef = 57F154BF275665EA00F4380A /* TakingCollectionViewController.swift */; };
		57F154C22756748700F4380A /* TakingCollectionViewCell.swift in Sources */ = {isa = PBXBuildFile; fileRef = 57F154C12756748700F4380A /* TakingCollectionViewCell.swift */; };
/* End PBXBuildFile section */

/* Begin PBXFileReference section */
		570149F327577D78008CB155 /* Profile.swift */ = {isa = PBXFileReference; lastKnownFileType = sourcecode.swift; path = Profile.swift; sourceTree = "<group>"; };
		570149F527577D87008CB155 /* Medication.swift */ = {isa = PBXFileReference; lastKnownFileType = sourcecode.swift; path = Medication.swift; sourceTree = "<group>"; };
		570149F927591BA6008CB155 /* TakeDetailTableViewController.swift */ = {isa = PBXFileReference; lastKnownFileType = sourcecode.swift; path = TakeDetailTableViewController.swift; sourceTree = "<group>"; };
		5713D2F527679B4100387017 /* PatternTableViewCell.swift */ = {isa = PBXFileReference; lastKnownFileType = sourcecode.swift; path = PatternTableViewCell.swift; sourceTree = "<group>"; };
		573D56552744D83000301D43 /* TomaDeMedicinas.app */ = {isa = PBXFileReference; explicitFileType = wrapper.application; includeInIndex = 0; path = TomaDeMedicinas.app; sourceTree = BUILT_PRODUCTS_DIR; };
		573D56582744D83000301D43 /* AppDelegate.swift */ = {isa = PBXFileReference; lastKnownFileType = sourcecode.swift; path = AppDelegate.swift; sourceTree = "<group>"; };
		573D565F2744D83000301D43 /* Base */ = {isa = PBXFileReference; lastKnownFileType = file.storyboard; name = Base; path = Base.lproj/Main.storyboard; sourceTree = "<group>"; };
		573D56612744D83100301D43 /* Assets.xcassets */ = {isa = PBXFileReference; lastKnownFileType = folder.assetcatalog; path = Assets.xcassets; sourceTree = "<group>"; };
		573D56642744D83100301D43 /* Base */ = {isa = PBXFileReference; lastKnownFileType = file.storyboard; name = Base; path = Base.lproj/LaunchScreen.storyboard; sourceTree = "<group>"; };
		573D56662744D83100301D43 /* Info.plist */ = {isa = PBXFileReference; lastKnownFileType = text.plist.xml; path = Info.plist; sourceTree = "<group>"; };
		573D56732744DD6500301D43 /* Take.swift */ = {isa = PBXFileReference; lastKnownFileType = sourcecode.swift; path = Take.swift; sourceTree = "<group>"; };
		57715923276214A400A5DF8F /* Database.swift */ = {isa = PBXFileReference; lastKnownFileType = sourcecode.swift; path = Database.swift; sourceTree = "<group>"; };
		57810C3B2766207700D35869 /* Pattern.swift */ = {isa = PBXFileReference; lastKnownFileType = sourcecode.swift; path = Pattern.swift; sourceTree = "<group>"; };
		57810C3D2767706400D35869 /* PatternTableViewController.swift */ = {isa = PBXFileReference; lastKnownFileType = sourcecode.swift; path = PatternTableViewController.swift; sourceTree = "<group>"; };
		5790F4A227622F4E006229D2 /* TakeListTableViewController.swift */ = {isa = PBXFileReference; lastKnownFileType = sourcecode.swift; path = TakeListTableViewController.swift; sourceTree = "<group>"; };
		57BF6AB727633B4100599281 /* SceneDelegate.swift */ = {isa = PBXFileReference; fileEncoding = 4; lastKnownFileType = sourcecode.swift; path = SceneDelegate.swift; sourceTree = "<group>"; };
		57F154BF275665EA00F4380A /* TakingCollectionViewController.swift */ = {isa = PBXFileReference; lastKnownFileType = sourcecode.swift; path = TakingCollectionViewController.swift; sourceTree = "<group>"; };
		57F154C12756748700F4380A /* TakingCollectionViewCell.swift */ = {isa = PBXFileReference; lastKnownFileType = sourcecode.swift; path = TakingCollectionViewCell.swift; sourceTree = "<group>"; };
/* End PBXFileReference section */

/* Begin PBXFrameworksBuildPhase section */
		573D56522744D83000301D43 /* Frameworks */ = {
			isa = PBXFrameworksBuildPhase;
			buildActionMask = 2147483647;
			files = (
			);
			runOnlyForDeploymentPostprocessing = 0;
		};
/* End PBXFrameworksBuildPhase section */

/* Begin PBXGroup section */
		570149FB27591BB4008CB155 /* ViewControllers */ = {
			isa = PBXGroup;
			children = (
				57810C3D2767706400D35869 /* PatternTableViewController.swift */,
				5713D2F527679B4100387017 /* PatternTableViewCell.swift */,
				5790F4A227622F4E006229D2 /* TakeListTableViewController.swift */,
				570149F927591BA6008CB155 /* TakeDetailTableViewController.swift */,
			);
			path = ViewControllers;
			sourceTree = "<group>";
		};
		573D564C2744D83000301D43 = {
			isa = PBXGroup;
			children = (
				573D56572744D83000301D43 /* TomaDeMedicinas */,
				573D56562744D83000301D43 /* Products */,
			);
			sourceTree = "<group>";
		};
		573D56562744D83000301D43 /* Products */ = {
			isa = PBXGroup;
			children = (
				573D56552744D83000301D43 /* TomaDeMedicinas.app */,
			);
			name = Products;
			sourceTree = "<group>";
		};
		573D56572744D83000301D43 /* TomaDeMedicinas */ = {
			isa = PBXGroup;
			children = (
				57BF6AB727633B4100599281 /* SceneDelegate.swift */,
				573D56582744D83000301D43 /* AppDelegate.swift */,
				573D565E2744D83000301D43 /* Main.storyboard */,
				573D56722744DCFD00301D43 /* Models */,
				570149FB27591BB4008CB155 /* ViewControllers */,
				57810C3827636C4A00D35869 /* To delete */,
				573D56612744D83100301D43 /* Assets.xcassets */,
				573D56632744D83100301D43 /* LaunchScreen.storyboard */,
				573D56662744D83100301D43 /* Info.plist */,
			);
			path = TomaDeMedicinas;
			sourceTree = "<group>";
		};
		573D56722744DCFD00301D43 /* Models */ = {
			isa = PBXGroup;
			children = (
				573D56732744DD6500301D43 /* Take.swift */,
				57810C3B2766207700D35869 /* Pattern.swift */,
				57715923276214A400A5DF8F /* Database.swift */,
				570149F327577D78008CB155 /* Profile.swift */,
				570149F527577D87008CB155 /* Medication.swift */,
			);
			path = Models;
			sourceTree = "<group>";
		};
		57810C3827636C4A00D35869 /* To delete */ = {
			isa = PBXGroup;
			children = (
				57F154BF275665EA00F4380A /* TakingCollectionViewController.swift */,
				57F154C12756748700F4380A /* TakingCollectionViewCell.swift */,
			);
			path = "To delete";
			sourceTree = "<group>";
		};
/* End PBXGroup section */

/* Begin PBXNativeTarget section */
		573D56542744D83000301D43 /* TomaDeMedicinas */ = {
			isa = PBXNativeTarget;
			buildConfigurationList = 573D56692744D83100301D43 /* Build configuration list for PBXNativeTarget "TomaDeMedicinas" */;
			buildPhases = (
				573D56512744D83000301D43 /* Sources */,
				573D56522744D83000301D43 /* Frameworks */,
				573D56532744D83000301D43 /* Resources */,
			);
			buildRules = (
			);
			dependencies = (
			);
			name = TomaDeMedicinas;
			productName = TomaDeMedicinas;
			productReference = 573D56552744D83000301D43 /* TomaDeMedicinas.app */;
			productType = "com.apple.product-type.application";
		};
/* End PBXNativeTarget section */

/* Begin PBXProject section */
		573D564D2744D83000301D43 /* Project object */ = {
			isa = PBXProject;
			attributes = {
				BuildIndependentTargetsInParallel = 1;
				LastSwiftUpdateCheck = 1310;
				LastUpgradeCheck = 1310;
				TargetAttributes = {
					573D56542744D83000301D43 = {
						CreatedOnToolsVersion = 13.1;
					};
				};
			};
			buildConfigurationList = 573D56502744D83000301D43 /* Build configuration list for PBXProject "TomaDeMedicinas" */;
			compatibilityVersion = "Xcode 13.0";
			developmentRegion = en;
			hasScannedForEncodings = 0;
			knownRegions = (
				en,
				Base,
			);
			mainGroup = 573D564C2744D83000301D43;
			productRefGroup = 573D56562744D83000301D43 /* Products */;
			projectDirPath = "";
			projectRoot = "";
			targets = (
				573D56542744D83000301D43 /* TomaDeMedicinas */,
			);
		};
/* End PBXProject section */

/* Begin PBXResourcesBuildPhase section */
		573D56532744D83000301D43 /* Resources */ = {
			isa = PBXResourcesBuildPhase;
			buildActionMask = 2147483647;
			files = (
				573D56652744D83100301D43 /* LaunchScreen.storyboard in Resources */,
				573D56622744D83100301D43 /* Assets.xcassets in Resources */,
				573D56602744D83000301D43 /* Main.storyboard in Resources */,
			);
			runOnlyForDeploymentPostprocessing = 0;
		};
/* End PBXResourcesBuildPhase section */

/* Begin PBXSourcesBuildPhase section */
		573D56512744D83000301D43 /* Sources */ = {
			isa = PBXSourcesBuildPhase;
			buildActionMask = 2147483647;
			files = (
				570149FA27591BA6008CB155 /* TakeDetailTableViewController.swift in Sources */,
				5790F4A327622F4E006229D2 /* TakeListTableViewController.swift in Sources */,
				57F154C0275665EA00F4380A /* TakingCollectionViewController.swift in Sources */,
				570149F627577D88008CB155 /* Medication.swift in Sources */,
				570149F427577D78008CB155 /* Profile.swift in Sources */,
				57BF6AB827633B4100599281 /* SceneDelegate.swift in Sources */,
				573D56592744D83000301D43 /* AppDelegate.swift in Sources */,
				5713D2F627679B4100387017 /* PatternTableViewCell.swift in Sources */,
				57810C3C2766207700D35869 /* Pattern.swift in Sources */,
				57810C3E2767706400D35869 /* PatternTableViewController.swift in Sources */,
				573D56742744DD6500301D43 /* Take.swift in Sources */,
				57715924276214A400A5DF8F /* Database.swift in Sources */,
				57F154C22756748700F4380A /* TakingCollectionViewCell.swift in Sources */,
			);
			runOnlyForDeploymentPostprocessing = 0;
		};
/* End PBXSourcesBuildPhase section */

/* Begin PBXVariantGroup section */
		573D565E2744D83000301D43 /* Main.storyboard */ = {
			isa = PBXVariantGroup;
			children = (
				573D565F2744D83000301D43 /* Base */,
			);
			name = Main.storyboard;
			sourceTree = "<group>";
		};
		573D56632744D83100301D43 /* LaunchScreen.storyboard */ = {
			isa = PBXVariantGroup;
			children = (
				573D56642744D83100301D43 /* Base */,
			);
			name = LaunchScreen.storyboard;
			sourceTree = "<group>";
		};
/* End PBXVariantGroup section */

/* Begin XCBuildConfiguration section */
		573D56672744D83100301D43 /* Debug */ = {
			isa = XCBuildConfiguration;
			buildSettings = {
				ALWAYS_SEARCH_USER_PATHS = NO;
				CLANG_ANALYZER_NONNULL = YES;
				CLANG_ANALYZER_NUMBER_OBJECT_CONVERSION = YES_AGGRESSIVE;
				CLANG_CXX_LANGUAGE_STANDARD = "gnu++17";
				CLANG_CXX_LIBRARY = "libc++";
				CLANG_ENABLE_MODULES = YES;
				CLANG_ENABLE_OBJC_ARC = YES;
				CLANG_ENABLE_OBJC_WEAK = YES;
				CLANG_WARN_BLOCK_CAPTURE_AUTORELEASING = YES;
				CLANG_WARN_BOOL_CONVERSION = YES;
				CLANG_WARN_COMMA = YES;
				CLANG_WARN_CONSTANT_CONVERSION = YES;
				CLANG_WARN_DEPRECATED_OBJC_IMPLEMENTATIONS = YES;
				CLANG_WARN_DIRECT_OBJC_ISA_USAGE = YES_ERROR;
				CLANG_WARN_DOCUMENTATION_COMMENTS = YES;
				CLANG_WARN_EMPTY_BODY = YES;
				CLANG_WARN_ENUM_CONVERSION = YES;
				CLANG_WARN_INFINITE_RECURSION = YES;
				CLANG_WARN_INT_CONVERSION = YES;
				CLANG_WARN_NON_LITERAL_NULL_CONVERSION = YES;
				CLANG_WARN_OBJC_IMPLICIT_RETAIN_SELF = YES;
				CLANG_WARN_OBJC_LITERAL_CONVERSION = YES;
				CLANG_WARN_OBJC_ROOT_CLASS = YES_ERROR;
				CLANG_WARN_QUOTED_INCLUDE_IN_FRAMEWORK_HEADER = YES;
				CLANG_WARN_RANGE_LOOP_ANALYSIS = YES;
				CLANG_WARN_STRICT_PROTOTYPES = YES;
				CLANG_WARN_SUSPICIOUS_MOVE = YES;
				CLANG_WARN_UNGUARDED_AVAILABILITY = YES_AGGRESSIVE;
				CLANG_WARN_UNREACHABLE_CODE = YES;
				CLANG_WARN__DUPLICATE_METHOD_MATCH = YES;
				COPY_PHASE_STRIP = NO;
				DEBUG_INFORMATION_FORMAT = dwarf;
				ENABLE_STRICT_OBJC_MSGSEND = YES;
				ENABLE_TESTABILITY = YES;
				GCC_C_LANGUAGE_STANDARD = gnu11;
				GCC_DYNAMIC_NO_PIC = NO;
				GCC_NO_COMMON_BLOCKS = YES;
				GCC_OPTIMIZATION_LEVEL = 0;
				GCC_PREPROCESSOR_DEFINITIONS = (
					"DEBUG=1",
					"$(inherited)",
				);
				GCC_WARN_64_TO_32_BIT_CONVERSION = YES;
				GCC_WARN_ABOUT_RETURN_TYPE = YES_ERROR;
				GCC_WARN_UNDECLARED_SELECTOR = YES;
				GCC_WARN_UNINITIALIZED_AUTOS = YES_AGGRESSIVE;
				GCC_WARN_UNUSED_FUNCTION = YES;
				GCC_WARN_UNUSED_VARIABLE = YES;
				IPHONEOS_DEPLOYMENT_TARGET = 15.0;
				MTL_ENABLE_DEBUG_INFO = INCLUDE_SOURCE;
				MTL_FAST_MATH = YES;
				ONLY_ACTIVE_ARCH = YES;
				SDKROOT = iphoneos;
				SWIFT_ACTIVE_COMPILATION_CONDITIONS = DEBUG;
				SWIFT_OPTIMIZATION_LEVEL = "-Onone";
			};
			name = Debug;
		};
		573D56682744D83100301D43 /* Release */ = {
			isa = XCBuildConfiguration;
			buildSettings = {
				ALWAYS_SEARCH_USER_PATHS = NO;
				CLANG_ANALYZER_NONNULL = YES;
				CLANG_ANALYZER_NUMBER_OBJECT_CONVERSION = YES_AGGRESSIVE;
				CLANG_CXX_LANGUAGE_STANDARD = "gnu++17";
				CLANG_CXX_LIBRARY = "libc++";
				CLANG_ENABLE_MODULES = YES;
				CLANG_ENABLE_OBJC_ARC = YES;
				CLANG_ENABLE_OBJC_WEAK = YES;
				CLANG_WARN_BLOCK_CAPTURE_AUTORELEASING = YES;
				CLANG_WARN_BOOL_CONVERSION = YES;
				CLANG_WARN_COMMA = YES;
				CLANG_WARN_CONSTANT_CONVERSION = YES;
				CLANG_WARN_DEPRECATED_OBJC_IMPLEMENTATIONS = YES;
				CLANG_WARN_DIRECT_OBJC_ISA_USAGE = YES_ERROR;
				CLANG_WARN_DOCUMENTATION_COMMENTS = YES;
				CLANG_WARN_EMPTY_BODY = YES;
				CLANG_WARN_ENUM_CONVERSION = YES;
				CLANG_WARN_INFINITE_RECURSION = YES;
				CLANG_WARN_INT_CONVERSION = YES;
				CLANG_WARN_NON_LITERAL_NULL_CONVERSION = YES;
				CLANG_WARN_OBJC_IMPLICIT_RETAIN_SELF = YES;
				CLANG_WARN_OBJC_LITERAL_CONVERSION = YES;
				CLANG_WARN_OBJC_ROOT_CLASS = YES_ERROR;
				CLANG_WARN_QUOTED_INCLUDE_IN_FRAMEWORK_HEADER = YES;
				CLANG_WARN_RANGE_LOOP_ANALYSIS = YES;
				CLANG_WARN_STRICT_PROTOTYPES = YES;
				CLANG_WARN_SUSPICIOUS_MOVE = YES;
				CLANG_WARN_UNGUARDED_AVAILABILITY = YES_AGGRESSIVE;
				CLANG_WARN_UNREACHABLE_CODE = YES;
				CLANG_WARN__DUPLICATE_METHOD_MATCH = YES;
				COPY_PHASE_STRIP = NO;
				DEBUG_INFORMATION_FORMAT = "dwarf-with-dsym";
				ENABLE_NS_ASSERTIONS = NO;
				ENABLE_STRICT_OBJC_MSGSEND = YES;
				GCC_C_LANGUAGE_STANDARD = gnu11;
				GCC_NO_COMMON_BLOCKS = YES;
				GCC_WARN_64_TO_32_BIT_CONVERSION = YES;
				GCC_WARN_ABOUT_RETURN_TYPE = YES_ERROR;
				GCC_WARN_UNDECLARED_SELECTOR = YES;
				GCC_WARN_UNINITIALIZED_AUTOS = YES_AGGRESSIVE;
				GCC_WARN_UNUSED_FUNCTION = YES;
				GCC_WARN_UNUSED_VARIABLE = YES;
				IPHONEOS_DEPLOYMENT_TARGET = 15.0;
				MTL_ENABLE_DEBUG_INFO = NO;
				MTL_FAST_MATH = YES;
				SDKROOT = iphoneos;
				SWIFT_COMPILATION_MODE = wholemodule;
				SWIFT_OPTIMIZATION_LEVEL = "-O";
				VALIDATE_PRODUCT = YES;
			};
			name = Release;
		};
		573D566A2744D83100301D43 /* Debug */ = {
			isa = XCBuildConfiguration;
			buildSettings = {
				ASSETCATALOG_COMPILER_APPICON_NAME = AppIcon;
				ASSETCATALOG_COMPILER_GLOBAL_ACCENT_COLOR_NAME = AccentColor;
				CODE_SIGN_STYLE = Automatic;
				CURRENT_PROJECT_VERSION = 1;
				DEVELOPMENT_TEAM = YF25ZTBHG7;
				GENERATE_INFOPLIST_FILE = YES;
				INFOPLIST_FILE = TomaDeMedicinas/Info.plist;
				INFOPLIST_KEY_UIApplicationSupportsIndirectInputEvents = YES;
				INFOPLIST_KEY_UILaunchStoryboardName = LaunchScreen;
				INFOPLIST_KEY_UIMainStoryboardFile = Main;
				INFOPLIST_KEY_UISupportedInterfaceOrientations_iPad = "UIInterfaceOrientationPortrait UIInterfaceOrientationPortraitUpsideDown UIInterfaceOrientationLandscapeLeft UIInterfaceOrientationLandscapeRight";
				INFOPLIST_KEY_UISupportedInterfaceOrientations_iPhone = "UIInterfaceOrientationPortrait UIInterfaceOrientationLandscapeLeft UIInterfaceOrientationLandscapeRight";
				LD_RUNPATH_SEARCH_PATHS = (
					"$(inherited)",
					"@executable_path/Frameworks",
				);
				MARKETING_VERSION = 1.0;
				PRODUCT_BUNDLE_IDENTIFIER = gloria.TomaDeMedicinas;
				PRODUCT_NAME = "$(TARGET_NAME)";
				SWIFT_EMIT_LOC_STRINGS = YES;
				SWIFT_VERSION = 5.0;
				TARGETED_DEVICE_FAMILY = "1,2";
			};
			name = Debug;
		};
		573D566B2744D83100301D43 /* Release */ = {
			isa = XCBuildConfiguration;
			buildSettings = {
				ASSETCATALOG_COMPILER_APPICON_NAME = AppIcon;
				ASSETCATALOG_COMPILER_GLOBAL_ACCENT_COLOR_NAME = AccentColor;
				CODE_SIGN_STYLE = Automatic;
				CURRENT_PROJECT_VERSION = 1;
				DEVELOPMENT_TEAM = YF25ZTBHG7;
				GENERATE_INFOPLIST_FILE = YES;
				INFOPLIST_FILE = TomaDeMedicinas/Info.plist;
				INFOPLIST_KEY_UIApplicationSupportsIndirectInputEvents = YES;
				INFOPLIST_KEY_UILaunchStoryboardName = LaunchScreen;
				INFOPLIST_KEY_UIMainStoryboardFile = Main;
				INFOPLIST_KEY_UISupportedInterfaceOrientations_iPad = "UIInterfaceOrientationPortrait UIInterfaceOrientationPortraitUpsideDown UIInterfaceOrientationLandscapeLeft UIInterfaceOrientationLandscapeRight";
				INFOPLIST_KEY_UISupportedInterfaceOrientations_iPhone = "UIInterfaceOrientationPortrait UIInterfaceOrientationLandscapeLeft UIInterfaceOrientationLandscapeRight";
				LD_RUNPATH_SEARCH_PATHS = (
					"$(inherited)",
					"@executable_path/Frameworks",
				);
				MARKETING_VERSION = 1.0;
				PRODUCT_BUNDLE_IDENTIFIER = gloria.TomaDeMedicinas;
				PRODUCT_NAME = "$(TARGET_NAME)";
				SWIFT_EMIT_LOC_STRINGS = YES;
				SWIFT_VERSION = 5.0;
				TARGETED_DEVICE_FAMILY = "1,2";
			};
			name = Release;
		};
/* End XCBuildConfiguration section */

/* Begin XCConfigurationList section */
		573D56502744D83000301D43 /* Build configuration list for PBXProject "TomaDeMedicinas" */ = {
			isa = XCConfigurationList;
			buildConfigurations = (
				573D56672744D83100301D43 /* Debug */,
				573D56682744D83100301D43 /* Release */,
			);
			defaultConfigurationIsVisible = 0;
			defaultConfigurationName = Release;
		};
		573D56692744D83100301D43 /* Build configuration list for PBXNativeTarget "TomaDeMedicinas" */ = {
			isa = XCConfigurationList;
			buildConfigurations = (
				573D566A2744D83100301D43 /* Debug */,
				573D566B2744D83100301D43 /* Release */,
			);
			defaultConfigurationIsVisible = 0;
			defaultConfigurationName = Release;
		};
/* End XCConfigurationList section */
	};
	rootObject = 573D564D2744D83000301D43 /* Project object */;
}
